
Microsoft Visual Studio Solution File, Format Version 12.00
# Visual Studio Version 16
VisualStudioVersion = 16.0.31129.286
MinimumVisualStudioVersion = 10.0.40219.1
Project("{9A19103F-16F7-4668-BE54-9A1E7A4F7556}") = "TODEB_DotnetCore_Project.DataAccessLayer", "DataAccessLayer\TODEB_DotnetCore_Project.DataAccessLayer.csproj", "{8F8819E5-5F4E-4A0D-B460-9CCF06987CC3}"
EndProject
Project("{9A19103F-16F7-4668-BE54-9A1E7A4F7556}") = "TODEB_DotnetCore_Project.EntityLayer", "TODEB_DotnetCore_Project.EntityLayer\TODEB_DotnetCore_Project.EntityLayer.csproj", "{DA5DEF19-A0F4-4581-ACDC-1250DC8B2544}"
EndProject
Project("{9A19103F-16F7-4668-BE54-9A1E7A4F7556}") = "TODEB_DotnetCore_Project.BusinessLayer", "..\..\TODEB_DotnetCore_Project\TODEB_DotnetCore_Project.BusinessLayer\TODEB_DotnetCore_Project.BusinessLayer.csproj", "{5C1BE197-543C-4C8C-A564-9CD612EEEEAF}"
EndProject
Project("{FAE04EC0-301F-11D3-BF4B-00C04F79EFBC}") = "TODEB_DotnetCore_Project.Presentation", "..\..\TODEB_DotnetCore_Project\TODEB_DotnetCore_Project.Presentation\TODEB_DotnetCore_Project.Presentation.csproj", "{FC8A1EF7-18D5-4D80-A814-10B38AE077FC}"
EndProject
Project("{FAE04EC0-301F-11D3-BF4B-00C04F79EFBC}") = "DTO", "DTO\DTO.csproj", "{424F6A26-927F-4112-9648-BE2C5659711D}"
EndProject
Global
	GlobalSection(SolutionConfigurationPlatforms) = preSolution
		Debug|Any CPU = Debug|Any CPU
		Release|Any CPU = Release|Any CPU
	EndGlobalSection
	GlobalSection(ProjectConfigurationPlatforms) = postSolution
		{8F8819E5-5F4E-4A0D-B460-9CCF06987CC3}.Debug|Any CPU.ActiveCfg = Debug|Any CPU
		{8F8819E5-5F4E-4A0D-B460-9CCF06987CC3}.Debug|Any CPU.Build.0 = Debug|Any CPU
		{8F8819E5-5F4E-4A0D-B460-9CCF06987CC3}.Release|Any CPU.ActiveCfg = Release|Any CPU
		{8F8819E5-5F4E-4A0D-B460-9CCF06987CC3}.Release|Any CPU.Build.0 = Release|Any CPU
		{DA5DEF19-A0F4-4581-ACDC-1250DC8B2544}.Debug|Any CPU.ActiveCfg = Debug|Any CPU
		{DA5DEF19-A0F4-4581-ACDC-1250DC8B2544}.Debug|Any CPU.Build.0 = Debug|Any CPU
		{DA5DEF19-A0F4-4581-ACDC-1250DC8B2544}.Release|Any CPU.ActiveCfg = Release|Any CPU
		{DA5DEF19-A0F4-4581-ACDC-1250DC8B2544}.Release|Any CPU.Build.0 = Release|Any CPU
		{5C1BE197-543C-4C8C-A564-9CD612EEEEAF}.Debug|Any CPU.ActiveCfg = Debug|Any CPU
		{5C1BE197-543C-4C8C-A564-9CD612EEEEAF}.Debug|Any CPU.Build.0 = Debug|Any CPU
		{5C1BE197-543C-4C8C-A564-9CD612EEEEAF}.Release|Any CPU.ActiveCfg = Release|Any CPU
		{5C1BE197-543C-4C8C-A564-9CD612EEEEAF}.Release|Any CPU.Build.0 = Release|Any CPU
		{FC8A1EF7-18D5-4D80-A814-10B38AE077FC}.Debug|Any CPU.ActiveCfg = Debug|Any CPU
		{FC8A1EF7-18D5-4D80-A814-10B38AE077FC}.Debug|Any CPU.Build.0 = Debug|Any CPU
		{FC8A1EF7-18D5-4D80-A814-10B38AE077FC}.Release|Any CPU.ActiveCfg = Release|Any CPU
		{FC8A1EF7-18D5-4D80-A814-10B38AE077FC}.Release|Any CPU.Build.0 = Release|Any CPU
		{424F6A26-927F-4112-9648-BE2C5659711D}.Debug|Any CPU.ActiveCfg = Debug|Any CPU
		{424F6A26-927F-4112-9648-BE2C5659711D}.Debug|Any CPU.Build.0 = Debug|Any CPU
		{424F6A26-927F-4112-9648-BE2C5659711D}.Release|Any CPU.ActiveCfg = Release|Any CPU
		{424F6A26-927F-4112-9648-BE2C5659711D}.Release|Any CPU.Build.0 = Release|Any CPU
	EndGlobalSection
	GlobalSection(SolutionProperties) = preSolution
		HideSolutionNode = FALSE
	EndGlobalSection
	GlobalSection(ExtensibilityGlobals) = postSolution
		SolutionGuid = {7668DD70-2E8F-4403-A25B-05121BFC1854}
	EndGlobalSection
EndGlobal
